
Microsoft Visual Studio Solution File, Format Version 12.00
# Visual Studio Version 17
VisualStudioVersion = 17.14.36202.13 d17.14
MinimumVisualStudioVersion = 10.0.40219.1
Project("{FAE04EC0-301F-11D3-BF4B-00C04F79EFBC}") = "IntricomMVC", "IntricomMVC.csproj", "{D9C76D83-CC95-4112-810C-A8B07AF25980}"
EndProject
Global
	GlobalSection(SolutionConfigurationPlatforms) = preSolution
		Debug|Any CPU = Debug|Any CPU
		Release|Any CPU = Release|Any CPU
	EndGlobalSection
	GlobalSection(ProjectConfigurationPlatforms) = postSolution
		{D9C76D83-CC95-4112-810C-A8B07AF25980}.Debug|Any CPU.ActiveCfg = Debug|Any CPU
		{D9C76D83-CC95-4112-810C-A8B07AF25980}.Debug|Any CPU.Build.0 = Debug|Any CPU
		{D9C76D83-CC95-4112-810C-A8B07AF25980}.Release|Any CPU.ActiveCfg = Release|Any CPU
		{D9C76D83-CC95-4112-810C-A8B07AF25980}.Release|Any CPU.Build.0 = Release|Any CPU
	EndGlobalSection
	GlobalSection(SolutionProperties) = preSolution
		HideSolutionNode = FALSE
	EndGlobalSection
	GlobalSection(ExtensibilityGlobals) = postSolution
		SolutionGuid = {C418ED4A-C8F9-46F3-A554-E4BB039C9BB2}
	EndGlobalSection
	
EndGlobal
